
Microsoft Visual Studio Solution File, Format Version 12.00
# Visual Studio Version 17
VisualStudioVersion = 17.14.36429.23
MinimumVisualStudioVersion = 10.0.40219.1
Project("{2150E333-8FDC-42A3-9474-1A3956D46DE8}") = "WebApi", "WebApi", "{02EA681E-C7D8-13C7-8484-4AC65E1B71E8}"
EndProject
Project("{2150E333-8FDC-42A3-9474-1A3956D46DE8}") = "Core", "Core", "{BF060494-734F-4497-9EB8-3297082D9E84}"
EndProject
Project("{2150E333-8FDC-42A3-9474-1A3956D46DE8}") = "Infrastructure", "Infrastructure", "{6A5014B1-9F30-454E-8F26-1D7A9302AB76}"
EndProject
Project("{FAE04EC0-301F-11D3-BF4B-00C04F79EFBC}") = "E-learningPlatform.Domain", "E-learningPlatform.Domain\E-learningPlatform.Domain.csproj", "{DA444B1F-8B61-FFDA-5FAC-2E4B98BB655E}"
EndProject
Project("{FAE04EC0-301F-11D3-BF4B-00C04F79EFBC}") = "E-learningPlatform.Application", "E-learningPlatform.Application\E-learningPlatform.Application.csproj", "{1175685B-7D19-7892-6229-A9FF07B1317A}"
EndProject
Project("{FAE04EC0-301F-11D3-BF4B-00C04F79EFBC}") = "E-learningPlatform.Infrastructure.Persistence", "E-learningPlatform.Infrastructure.Persistence\E-learningPlatform.Infrastructure.Persistence.csproj", "{E1DF418A-B9DF-6E26-5278-93C82CF18B7B}"
EndProject
Project("{FAE04EC0-301F-11D3-BF4B-00C04F79EFBC}") = "E-learningPlatform.Infrastructure.Shared", "E-learningPlatform.Infrastructure.Shared\E-learningPlatform.Infrastructure.Shared.csproj", "{E6E50075-4276-AF25-06F3-D0A36DD61765}"
EndProject
Project("{FAE04EC0-301F-11D3-BF4B-00C04F79EFBC}") = "E-learningPlatform.WebApi", "E-learningPlatform.WebApi\E-learningPlatform.WebApi.csproj", "{54E79907-BF45-7440-D41B-B6EE75BBFA5C}"
EndProject
Global
	GlobalSection(SolutionConfigurationPlatforms) = preSolution
		Debug|Any CPU = Debug|Any CPU
		Release|Any CPU = Release|Any CPU
	EndGlobalSection
	GlobalSection(ProjectConfigurationPlatforms) = postSolution
		{DA444B1F-8B61-FFDA-5FAC-2E4B98BB655E}.Debug|Any CPU.ActiveCfg = Debug|Any CPU
		{DA444B1F-8B61-FFDA-5FAC-2E4B98BB655E}.Debug|Any CPU.Build.0 = Debug|Any CPU
		{DA444B1F-8B61-FFDA-5FAC-2E4B98BB655E}.Release|Any CPU.ActiveCfg = Release|Any CPU
		{DA444B1F-8B61-FFDA-5FAC-2E4B98BB655E}.Release|Any CPU.Build.0 = Release|Any CPU
		{1175685B-7D19-7892-6229-A9FF07B1317A}.Debug|Any CPU.ActiveCfg = Debug|Any CPU
		{1175685B-7D19-7892-6229-A9FF07B1317A}.Debug|Any CPU.Build.0 = Debug|Any CPU
		{1175685B-7D19-7892-6229-A9FF07B1317A}.Release|Any CPU.ActiveCfg = Release|Any CPU
		{1175685B-7D19-7892-6229-A9FF07B1317A}.Release|Any CPU.Build.0 = Release|Any CPU
		{E1DF418A-B9DF-6E26-5278-93C82CF18B7B}.Debug|Any CPU.ActiveCfg = Debug|Any CPU
		{E1DF418A-B9DF-6E26-5278-93C82CF18B7B}.Debug|Any CPU.Build.0 = Debug|Any CPU
		{E1DF418A-B9DF-6E26-5278-93C82CF18B7B}.Release|Any CPU.ActiveCfg = Release|Any CPU
		{E1DF418A-B9DF-6E26-5278-93C82CF18B7B}.Release|Any CPU.Build.0 = Release|Any CPU
		{E6E50075-4276-AF25-06F3-D0A36DD61765}.Debug|Any CPU.ActiveCfg = Debug|Any CPU
		{E6E50075-4276-AF25-06F3-D0A36DD61765}.Debug|Any CPU.Build.0 = Debug|Any CPU
		{E6E50075-4276-AF25-06F3-D0A36DD61765}.Release|Any CPU.ActiveCfg = Release|Any CPU
		{E6E50075-4276-AF25-06F3-D0A36DD61765}.Release|Any CPU.Build.0 = Release|Any CPU
		{54E79907-BF45-7440-D41B-B6EE75BBFA5C}.Debug|Any CPU.ActiveCfg = Debug|Any CPU
		{54E79907-BF45-7440-D41B-B6EE75BBFA5C}.Debug|Any CPU.Build.0 = Debug|Any CPU
		{54E79907-BF45-7440-D41B-B6EE75BBFA5C}.Release|Any CPU.ActiveCfg = Release|Any CPU
		{54E79907-BF45-7440-D41B-B6EE75BBFA5C}.Release|Any CPU.Build.0 = Release|Any CPU
	EndGlobalSection
	GlobalSection(SolutionProperties) = preSolution
		HideSolutionNode = FALSE
	EndGlobalSection
	GlobalSection(NestedProjects) = preSolution
		{DA444B1F-8B61-FFDA-5FAC-2E4B98BB655E} = {BF060494-734F-4497-9EB8-3297082D9E84}
		{1175685B-7D19-7892-6229-A9FF07B1317A} = {BF060494-734F-4497-9EB8-3297082D9E84}
		{E1DF418A-B9DF-6E26-5278-93C82CF18B7B} = {6A5014B1-9F30-454E-8F26-1D7A9302AB76}
		{E6E50075-4276-AF25-06F3-D0A36DD61765} = {6A5014B1-9F30-454E-8F26-1D7A9302AB76}
		{54E79907-BF45-7440-D41B-B6EE75BBFA5C} = {02EA681E-C7D8-13C7-8484-4AC65E1B71E8}
	EndGlobalSection
	GlobalSection(ExtensibilityGlobals) = postSolution
		SolutionGuid = {44596437-BB52-4F16-89D6-0D2EB2249D9F}
	EndGlobalSection
EndGlobal
